{
  "version": 4,
  "terraform_version": "1.14.7",
  "serial": 112,
  "lineage": "f1f1be8b-50cd-fbea-9599-9bb19c78fc0f",
  "outputs": {},
  "resources": [
    {
      "module": "module.ecs",
      "mode": "managed",
      "type": "aws_ecr_repository",
      "name": "app",
      "provider": "provider[\"registry.terraform.io/hashicorp/aws\"]",
      "instances": [
        {
          "schema_version": 0,
          "attributes": {
            "arn": "arn:aws:ecr:us-east-1:540659119855:repository/omnisql-dev-api",
            "encryption_configuration": [
              {
                "encryption_type": "AES256",
                "kms_key": ""
              }
            ],
            "force_delete": null,
            "id": "omnisql-dev-api",
            "image_scanning_configuration": [
              {
                "scan_on_push": true
              }
            ],
            "image_tag_mutability": "MUTABLE",
            "name": "omnisql-dev-api",
            "registry_id": "540659119855",
            "repository_url": "540659119855.dkr.ecr.us-east-1.amazonaws.com/omnisql-dev-api",
            "tags": {
              "Name": "omnisql-dev-api"
            },
            "tags_all": {
              "Environment": "dev",
              "ManagedBy": "terraform",
              "Name": "omnisql-dev-api",
              "Project": "omnisql-postgres"
            },
            "timeouts": null
          },
          "sensitive_attributes": [],
          "identity_schema_version": 0,
          "private": "eyJlMmJmYjczMC1lY2FhLTExZTYtOGY4OC0zNDM2M2JjN2M0YzAiOnsiZGVsZXRlIjoxMjAwMDAwMDAwMDAwfX0="
        }
      ]
    }
  ],
  "check_results": null
}
